
Microsoft Visual Studio Solution File, Format Version 12.00
# Visual Studio Version 17
VisualStudioVersion = 17.10.35201.131
MinimumVisualStudioVersion = 10.0.40219.1
Project("{FAE04EC0-301F-11D3-BF4B-00C04F79EFBC}") = "WebEngineering", "WebEngineering.csproj", "{A60D530D-1E46-4758-A0B8-E5C714586227}"
EndProject
Global
	GlobalSection(SolutionConfigurationPlatforms) = preSolution
		Debug|Any CPU = Debug|Any CPU
		Release|Any CPU = Release|Any CPU
	EndGlobalSection
	GlobalSection(ProjectConfigurationPlatforms) = postSolution
		{A60D530D-1E46-4758-A0B8-E5C714586227}.Debug|Any CPU.ActiveCfg = Debug|Any CPU
		{A60D530D-1E46-4758-A0B8-E5C714586227}.Debug|Any CPU.Build.0 = Debug|Any CPU
		{A60D530D-1E46-4758-A0B8-E5C714586227}.Release|Any CPU.ActiveCfg = Release|Any CPU
		{A60D530D-1E46-4758-A0B8-E5C714586227}.Release|Any CPU.Build.0 = Release|Any CPU
	EndGlobalSection
	GlobalSection(SolutionProperties) = preSolution
		HideSolutionNode = FALSE
	EndGlobalSection
	GlobalSection(ExtensibilityGlobals) = postSolution
		SolutionGuid = {E0785E15-0E4F-446B-A89C-B4D524A938D6}
	EndGlobalSection
EndGlobal
